
Microsoft Visual Studio Solution File, Format Version 12.00
# Visual Studio Version 17
VisualStudioVersion = 17.1.32127.271
MinimumVisualStudioVersion = 10.0.40219.1
Project("{E24C65DC-7377-472B-9ABA-BC803B73C61A}") = "QB", "QB\", "{BF473D59-1BD6-4573-9ED0-673B623FACBE}"
	ProjectSection(WebsiteProperties) = preProject
		TargetFrameworkMoniker = ".NETFramework,Version%3Dv4.7.2"
		Debug.AspNetCompiler.VirtualPath = "/localhost_51954"
		Debug.AspNetCompiler.PhysicalPath = "QB\"
		Debug.AspNetCompiler.TargetPath = "PrecompiledWeb\localhost_51954\"
		Debug.AspNetCompiler.Updateable = "true"
		Debug.AspNetCompiler.ForceOverwrite = "true"
		Debug.AspNetCompiler.FixedNames = "false"
		Debug.AspNetCompiler.Debug = "True"
		Release.AspNetCompiler.VirtualPath = "/localhost_51954"
		Release.AspNetCompiler.PhysicalPath = "QB\"
		Release.AspNetCompiler.TargetPath = "PrecompiledWeb\localhost_51954\"
		Release.AspNetCompiler.Updateable = "true"
		Release.AspNetCompiler.ForceOverwrite = "true"
		Release.AspNetCompiler.FixedNames = "false"
		Release.AspNetCompiler.Debug = "False"
		VWDPort = "51954"
		SlnRelativePath = "QB\"
		DefaultWebSiteLanguage = "Visual C#"
	EndProjectSection
EndProject
Global
	GlobalSection(SolutionConfigurationPlatforms) = preSolution
		Debug|Any CPU = Debug|Any CPU
	EndGlobalSection
	GlobalSection(ProjectConfigurationPlatforms) = postSolution
		{BF473D59-1BD6-4573-9ED0-673B623FACBE}.Debug|Any CPU.ActiveCfg = Debug|Any CPU
		{BF473D59-1BD6-4573-9ED0-673B623FACBE}.Debug|Any CPU.Build.0 = Debug|Any CPU
	EndGlobalSection
	GlobalSection(SolutionProperties) = preSolution
		HideSolutionNode = FALSE
	EndGlobalSection
	GlobalSection(ExtensibilityGlobals) = postSolution
		SolutionGuid = {406CC460-A6DE-4C80-91A0-83854E636B78}
	EndGlobalSection
EndGlobal
